
Microsoft Visual Studio Solution File, Format Version 12.00
# Visual Studio Version 16
VisualStudioVersion = 16.0.29920.165
MinimumVisualStudioVersion = 10.0.40219.1
Project("{FAE04EC0-301F-11D3-BF4B-00C04F79EFBC}") = "BarberShop", "BarberShop\BarberShop.csproj", "{831B6630-60FC-4BD6-B9DB-4DE2EA67A623}"
EndProject
Global
	GlobalSection(SolutionConfigurationPlatforms) = preSolution
		Debug|Any CPU = Debug|Any CPU
		Release|Any CPU = Release|Any CPU
	EndGlobalSection
	GlobalSection(ProjectConfigurationPlatforms) = postSolution
		{831B6630-60FC-4BD6-B9DB-4DE2EA67A623}.Debug|Any CPU.ActiveCfg = Debug|Any CPU
		{831B6630-60FC-4BD6-B9DB-4DE2EA67A623}.Debug|Any CPU.Build.0 = Debug|Any CPU
		{831B6630-60FC-4BD6-B9DB-4DE2EA67A623}.Release|Any CPU.ActiveCfg = Release|Any CPU
		{831B6630-60FC-4BD6-B9DB-4DE2EA67A623}.Release|Any CPU.Build.0 = Release|Any CPU
	EndGlobalSection
	GlobalSection(SolutionProperties) = preSolution
		HideSolutionNode = FALSE
	EndGlobalSection
	GlobalSection(ExtensibilityGlobals) = postSolution
		SolutionGuid = {77D23118-89CE-4AD9-BE45-D2AAB087A79A}
	EndGlobalSection
EndGlobal
