
Microsoft Visual Studio Solution File, Format Version 12.00
# Visual Studio Version 16
VisualStudioVersion = 16.0.29306.81
MinimumVisualStudioVersion = 10.0.40219.1
Project("{FAE04EC0-301F-11D3-BF4B-00C04F79EFBC}") = "CSharpClass", "CSharpClass\CSharpClass.csproj", "{0EDACDD9-703F-4B96-88C8-6661D13AB9CB}"
EndProject
Global
	GlobalSection(SolutionConfigurationPlatforms) = preSolution
		Debug|Any CPU = Debug|Any CPU
		Release|Any CPU = Release|Any CPU
	EndGlobalSection
	GlobalSection(ProjectConfigurationPlatforms) = postSolution
		{0EDACDD9-703F-4B96-88C8-6661D13AB9CB}.Debug|Any CPU.ActiveCfg = Debug|Any CPU
		{0EDACDD9-703F-4B96-88C8-6661D13AB9CB}.Debug|Any CPU.Build.0 = Debug|Any CPU
		{0EDACDD9-703F-4B96-88C8-6661D13AB9CB}.Release|Any CPU.ActiveCfg = Release|Any CPU
		{0EDACDD9-703F-4B96-88C8-6661D13AB9CB}.Release|Any CPU.Build.0 = Release|Any CPU
	EndGlobalSection
	GlobalSection(SolutionProperties) = preSolution
		HideSolutionNode = FALSE
	EndGlobalSection
	GlobalSection(ExtensibilityGlobals) = postSolution
		SolutionGuid = {2A3BD3EF-EA84-442B-9CD3-1384F81A0DC9}
	EndGlobalSection
EndGlobal
