
Microsoft Visual Studio Solution File, Format Version 12.00
# Visual Studio Version 16
VisualStudioVersion = 16.0.29920.165
MinimumVisualStudioVersion = 10.0.40219.1
Project("{9A19103F-16F7-4668-BE54-9A1E7A4F7556}") = "Skaitykla.MVC", "Skaitykla.MVC\Skaitykla.MVC.csproj", "{54CCED6F-605A-4E5B-89FF-8991C0FE8F20}"
EndProject
Project("{9A19103F-16F7-4668-BE54-9A1E7A4F7556}") = "Skaitykla.Domains", "Skaitykla.Domains\Skaitykla.Domains.csproj", "{B8208355-89B0-45EC-BA78-2506FA7A217C}"
EndProject
Project("{9A19103F-16F7-4668-BE54-9A1E7A4F7556}") = "Skaitykla.EF", "Skaitykla.EF\Skaitykla.EF.csproj", "{DCB2DD5C-A2C0-496E-9570-19D9ACD294C1}"
EndProject
Project("{FAE04EC0-301F-11D3-BF4B-00C04F79EFBC}") = "Skaitykla.Services", "Skaitykla.Services\Skaitykla.Services.csproj", "{E159D86A-5439-4351-9C70-20B091E19971}"
EndProject
Global
	GlobalSection(SolutionConfigurationPlatforms) = preSolution
		Debug|Any CPU = Debug|Any CPU
		Release|Any CPU = Release|Any CPU
	EndGlobalSection
	GlobalSection(ProjectConfigurationPlatforms) = postSolution
		{54CCED6F-605A-4E5B-89FF-8991C0FE8F20}.Debug|Any CPU.ActiveCfg = Debug|Any CPU
		{54CCED6F-605A-4E5B-89FF-8991C0FE8F20}.Debug|Any CPU.Build.0 = Debug|Any CPU
		{54CCED6F-605A-4E5B-89FF-8991C0FE8F20}.Release|Any CPU.ActiveCfg = Release|Any CPU
		{54CCED6F-605A-4E5B-89FF-8991C0FE8F20}.Release|Any CPU.Build.0 = Release|Any CPU
		{B8208355-89B0-45EC-BA78-2506FA7A217C}.Debug|Any CPU.ActiveCfg = Debug|Any CPU
		{B8208355-89B0-45EC-BA78-2506FA7A217C}.Debug|Any CPU.Build.0 = Debug|Any CPU
		{B8208355-89B0-45EC-BA78-2506FA7A217C}.Release|Any CPU.ActiveCfg = Release|Any CPU
		{B8208355-89B0-45EC-BA78-2506FA7A217C}.Release|Any CPU.Build.0 = Release|Any CPU
		{DCB2DD5C-A2C0-496E-9570-19D9ACD294C1}.Debug|Any CPU.ActiveCfg = Debug|Any CPU
		{DCB2DD5C-A2C0-496E-9570-19D9ACD294C1}.Debug|Any CPU.Build.0 = Debug|Any CPU
		{DCB2DD5C-A2C0-496E-9570-19D9ACD294C1}.Release|Any CPU.ActiveCfg = Release|Any CPU
		{DCB2DD5C-A2C0-496E-9570-19D9ACD294C1}.Release|Any CPU.Build.0 = Release|Any CPU
		{E159D86A-5439-4351-9C70-20B091E19971}.Debug|Any CPU.ActiveCfg = Debug|Any CPU
		{E159D86A-5439-4351-9C70-20B091E19971}.Debug|Any CPU.Build.0 = Debug|Any CPU
		{E159D86A-5439-4351-9C70-20B091E19971}.Release|Any CPU.ActiveCfg = Release|Any CPU
		{E159D86A-5439-4351-9C70-20B091E19971}.Release|Any CPU.Build.0 = Release|Any CPU
	EndGlobalSection
	GlobalSection(SolutionProperties) = preSolution
		HideSolutionNode = FALSE
	EndGlobalSection
	GlobalSection(ExtensibilityGlobals) = postSolution
		SolutionGuid = {C9546202-E084-45B5-A934-711F645849AE}
	EndGlobalSection
EndGlobal
